
Microsoft Visual Studio Solution File, Format Version 12.00
# Visual Studio Version 16
VisualStudioVersion = 16.0.31424.327
MinimumVisualStudioVersion = 10.0.40219.1
Project("{FAE04EC0-301F-11D3-BF4B-00C04F79EFBC}") = "Day5_1", "Day5_1.csproj", "{EC54353F-85CE-4167-ADE2-959D086CB0F8}"
EndProject
Global
	GlobalSection(SolutionConfigurationPlatforms) = preSolution
		Debug|Any CPU = Debug|Any CPU
		Release|Any CPU = Release|Any CPU
	EndGlobalSection
	GlobalSection(ProjectConfigurationPlatforms) = postSolution
		{EC54353F-85CE-4167-ADE2-959D086CB0F8}.Debug|Any CPU.ActiveCfg = Debug|Any CPU
		{EC54353F-85CE-4167-ADE2-959D086CB0F8}.Debug|Any CPU.Build.0 = Debug|Any CPU
		{EC54353F-85CE-4167-ADE2-959D086CB0F8}.Release|Any CPU.ActiveCfg = Release|Any CPU
		{EC54353F-85CE-4167-ADE2-959D086CB0F8}.Release|Any CPU.Build.0 = Release|Any CPU
	EndGlobalSection
	GlobalSection(SolutionProperties) = preSolution
		HideSolutionNode = FALSE
	EndGlobalSection
	GlobalSection(ExtensibilityGlobals) = postSolution
		SolutionGuid = {B04B96B8-799D-488E-8024-4CBDA16BD504}
	EndGlobalSection
EndGlobal
