
Microsoft Visual Studio Solution File, Format Version 12.00
# Visual Studio Version 16
VisualStudioVersion = 16.0.31424.327
MinimumVisualStudioVersion = 10.0.40219.1
Project("{FAE04EC0-301F-11D3-BF4B-00C04F79EFBC}") = "Day2_6", "Day2_6.csproj", "{9B6136E3-CBAC-4EFF-85AB-CC0D7EDE3F10}"
EndProject
Global
	GlobalSection(SolutionConfigurationPlatforms) = preSolution
		Debug|Any CPU = Debug|Any CPU
		Release|Any CPU = Release|Any CPU
	EndGlobalSection
	GlobalSection(ProjectConfigurationPlatforms) = postSolution
		{9B6136E3-CBAC-4EFF-85AB-CC0D7EDE3F10}.Debug|Any CPU.ActiveCfg = Debug|Any CPU
		{9B6136E3-CBAC-4EFF-85AB-CC0D7EDE3F10}.Debug|Any CPU.Build.0 = Debug|Any CPU
		{9B6136E3-CBAC-4EFF-85AB-CC0D7EDE3F10}.Release|Any CPU.ActiveCfg = Release|Any CPU
		{9B6136E3-CBAC-4EFF-85AB-CC0D7EDE3F10}.Release|Any CPU.Build.0 = Release|Any CPU
	EndGlobalSection
	GlobalSection(SolutionProperties) = preSolution
		HideSolutionNode = FALSE
	EndGlobalSection
	GlobalSection(ExtensibilityGlobals) = postSolution
		SolutionGuid = {949A9805-BD14-498E-B9B5-0852ACFB2E36}
	EndGlobalSection
EndGlobal
