
Microsoft Visual Studio Solution File, Format Version 12.00
# Visual Studio Version 16
VisualStudioVersion = 16.0.31424.327
MinimumVisualStudioVersion = 10.0.40219.1
Project("{FAE04EC0-301F-11D3-BF4B-00C04F79EFBC}") = "Day2_5", "Day2_5.csproj", "{138F5943-4EAE-4770-9BBD-9DAB74EFAC8D}"
EndProject
Global
	GlobalSection(SolutionConfigurationPlatforms) = preSolution
		Debug|Any CPU = Debug|Any CPU
		Release|Any CPU = Release|Any CPU
	EndGlobalSection
	GlobalSection(ProjectConfigurationPlatforms) = postSolution
		{138F5943-4EAE-4770-9BBD-9DAB74EFAC8D}.Debug|Any CPU.ActiveCfg = Debug|Any CPU
		{138F5943-4EAE-4770-9BBD-9DAB74EFAC8D}.Debug|Any CPU.Build.0 = Debug|Any CPU
		{138F5943-4EAE-4770-9BBD-9DAB74EFAC8D}.Release|Any CPU.ActiveCfg = Release|Any CPU
		{138F5943-4EAE-4770-9BBD-9DAB74EFAC8D}.Release|Any CPU.Build.0 = Release|Any CPU
	EndGlobalSection
	GlobalSection(SolutionProperties) = preSolution
		HideSolutionNode = FALSE
	EndGlobalSection
	GlobalSection(ExtensibilityGlobals) = postSolution
		SolutionGuid = {7F49DD95-E1FE-47B7-9C47-C51C0D053941}
	EndGlobalSection
EndGlobal
