
Microsoft Visual Studio Solution File, Format Version 12.00
# Visual Studio Version 16
VisualStudioVersion = 16.0.31424.327
MinimumVisualStudioVersion = 10.0.40219.1
Project("{FAE04EC0-301F-11D3-BF4B-00C04F79EFBC}") = "Day2_1", "Day2_1.csproj", "{7D2F1B9A-F315-4B8E-B9D5-37ED61851C78}"
EndProject
Global
	GlobalSection(SolutionConfigurationPlatforms) = preSolution
		Debug|Any CPU = Debug|Any CPU
		Release|Any CPU = Release|Any CPU
	EndGlobalSection
	GlobalSection(ProjectConfigurationPlatforms) = postSolution
		{7D2F1B9A-F315-4B8E-B9D5-37ED61851C78}.Debug|Any CPU.ActiveCfg = Debug|Any CPU
		{7D2F1B9A-F315-4B8E-B9D5-37ED61851C78}.Debug|Any CPU.Build.0 = Debug|Any CPU
		{7D2F1B9A-F315-4B8E-B9D5-37ED61851C78}.Release|Any CPU.ActiveCfg = Release|Any CPU
		{7D2F1B9A-F315-4B8E-B9D5-37ED61851C78}.Release|Any CPU.Build.0 = Release|Any CPU
	EndGlobalSection
	GlobalSection(SolutionProperties) = preSolution
		HideSolutionNode = FALSE
	EndGlobalSection
	GlobalSection(ExtensibilityGlobals) = postSolution
		SolutionGuid = {0A9036C5-FABE-490A-8C77-32D19C9ACB40}
	EndGlobalSection
EndGlobal
